// !$*UTF8*$!
{
	archiveVersion = 1;
	classes = {
	};
	objectVersion = 50;
	objects = {

/* Begin PBXBuildFile section */
		D3D9F2B523EAA68200688AC7 /* AppDelegate.swift in Sources */ = {isa = PBXBuildFile; fileRef = D3D9F2B423EAA68200688AC7 /* AppDelegate.swift */; };
		D3D9F2B723EAA68200688AC7 /* ViewController.swift in Sources */ = {isa = PBXBuildFile; fileRef = D3D9F2B623EAA68200688AC7 /* ViewController.swift */; };
		D3D9F2BA23EAA68200688AC7 /* Main.storyboard in Resources */ = {isa = PBXBuildFile; fileRef = D3D9F2B823EAA68200688AC7 /* Main.storyboard */; };
		D3D9F2BC23EAA68300688AC7 /* Assets.xcassets in Resources */ = {isa = PBXBuildFile; fileRef = D3D9F2BB23EAA68300688AC7 /* Assets.xcassets */; };
		D3D9F2BF23EAA68300688AC7 /* LaunchScreen.storyboard in Resources */ = {isa = PBXBuildFile; fileRef = D3D9F2BD23EAA68300688AC7 /* LaunchScreen.storyboard */; };
/* End PBXBuildFile section */

/* Begin PBXFileReference section */
		D3D9F2B123EAA68200688AC7 /* SashiDo-Apple-Sign-In.app */ = {isa = PBXFileReference; explicitFileType = wrapper.application; includeInIndex = 0; path = "SashiDo-Apple-Sign-In.app"; sourceTree = BUILT_PRODUCTS_DIR; };
		D3D9F2B423EAA68200688AC7 /* AppDelegate.swift */ = {isa = PBXFileReference; lastKnownFileType = sourcecode.swift; path = AppDelegate.swift; sourceTree = "<group>"; };
		D3D9F2B623EAA68200688AC7 /* ViewController.swift */ = {isa = PBXFileReference; lastKnownFileType = sourcecode.swift; path = ViewController.swift; sourceTree = "<group>"; };
		D3D9F2B923EAA68200688AC7 /* Base */ = {isa = PBXFileReference; lastKnownFileType = file.storyboard; name = Base; path = Base.lproj/Main.storyboard; sourceTree = "<group>"; };
		D3D9F2BB23EAA68300688AC7 /* Assets.xcassets */ = {isa = PBXFileReference; lastKnownFileType = folder.assetcatalog; path = Assets.xcassets; sourceTree = "<group>"; };
		D3D9F2BE23EAA68300688AC7 /* Base */ = {isa = PBXFileReference; lastKnownFileType = file.storyboard; name = Base; path = Base.lproj/LaunchScreen.storyboard; sourceTree = "<group>"; };
		D3D9F2C023EAA68300688AC7 /* Info.plist */ = {isa = PBXFileReference; lastKnownFileType = text.plist.xml; path = Info.plist; sourceTree = "<group>"; };
/* End PBXFileReference section */

/* Begin PBXFrameworksBuildPhase section */
		D3D9F2AE23EAA68200688AC7 /* Frameworks */ = {
			isa = PBXFrameworksBuildPhase;
			buildActionMask = 2147483647;
			files = (
			);
			runOnlyForDeploymentPostprocessing = 0;
		};
/* End PBXFrameworksBuildPhase section */

/* Begin PBXGroup section */
		D3D9F2A823EAA68200688AC7 = {
			isa = PBXGroup;
			children = (
				D3D9F2B323EAA68200688AC7 /* SashiDo-Apple-Sign-In */,
				D3D9F2B223EAA68200688AC7 /* Products */,
			);
			sourceTree = "<group>";
		};
		D3D9F2B223EAA68200688AC7 /* Products */ = {
			isa = PBXGroup;
			children = (
				D3D9F2B123EAA68200688AC7 /* SashiDo-Apple-Sign-In.app */,
			);
			name = Products;
			sourceTree = "<group>";
		};
		D3D9F2B323EAA68200688AC7 /* SashiDo-Apple-Sign-In */ = {
			isa = PBXGroup;
			children = (
				D3D9F2B423EAA68200688AC7 /* AppDelegate.swift */,
				D3D9F2B623EAA68200688AC7 /* ViewController.swift */,
				D3D9F2B823EAA68200688AC7 /* Main.storyboard */,
				D3D9F2BB23EAA68300688AC7 /* Assets.xcassets */,
				D3D9F2BD23EAA68300688AC7 /* LaunchScreen.storyboard */,
				D3D9F2C023EAA68300688AC7 /* Info.plist */,
			);
			path = "SashiDo-Apple-Sign-In";
			sourceTree = "<group>";
		};
/* End PBXGroup section */

/* Begin PBXNativeTarget section */
		D3D9F2B023EAA68200688AC7 /* SashiDo-Apple-Sign-In */ = {
			isa = PBXNativeTarget;
			buildConfigurationList = D3D9F2C323EAA68300688AC7 /* Build configuration list for PBXNativeTarget "SashiDo-Apple-Sign-In" */;
			buildPhases = (
				D3D9F2AD23EAA68200688AC7 /* Sources */,
				D3D9F2AE23EAA68200688AC7 /* Frameworks */,
				D3D9F2AF23EAA68200688AC7 /* Resources */,
			);
			buildRules = (
			);
			dependencies = (
			);
			name = "SashiDo-Apple-Sign-In";
			productName = "SashiDo-Apple-Sign-In";
			productReference = D3D9F2B123EAA68200688AC7 /* SashiDo-Apple-Sign-In.app */;
			productType = "com.apple.product-type.application";
		};
/* End PBXNativeTarget section */

/* Begin PBXProject section */
		D3D9F2A923EAA68200688AC7 /* Project object */ = {
			isa = PBXProject;
			attributes = {
				LastSwiftUpdateCheck = 1030;
				LastUpgradeCheck = 1030;
				ORGANIZATIONNAME = "Pavel Ivanov";
				TargetAttributes = {
					D3D9F2B023EAA68200688AC7 = {
						CreatedOnToolsVersion = 10.3;
					};
				};
			};
			buildConfigurationList = D3D9F2AC23EAA68200688AC7 /* Build configuration list for PBXProject "SashiDo-Apple-Sign-In" */;
			compatibilityVersion = "Xcode 9.3";
			developmentRegion = en;
			hasScannedForEncodings = 0;
			knownRegions = (
				en,
				Base,
			);
			mainGroup = D3D9F2A823EAA68200688AC7;
			productRefGroup = D3D9F2B223EAA68200688AC7 /* Products */;
			projectDirPath = "";
			projectRoot = "";
			targets = (
				D3D9F2B023EAA68200688AC7 /* SashiDo-Apple-Sign-In */,
			);
		};
/* End PBXProject section */

/* Begin PBXResourcesBuildPhase section */
		D3D9F2AF23EAA68200688AC7 /* Resources */ = {
			isa = PBXResourcesBuildPhase;
			buildActionMask = 2147483647;
			files = (
				D3D9F2BF23EAA68300688AC7 /* LaunchScreen.storyboard in Resources */,
				D3D9F2BC23EAA68300688AC7 /* Assets.xcassets in Resources */,
				D3D9F2BA23EAA68200688AC7 /* Main.storyboard in Resources */,
			);
			runOnlyForDeploymentPostprocessing = 0;
		};
/* End PBXResourcesBuildPhase section */

/* Begin PBXSourcesBuildPhase section */
		D3D9F2AD23EAA68200688AC7 /* Sources */ = {
			isa = PBXSourcesBuildPhase;
			buildActionMask = 2147483647;
			files = (
				D3D9F2B723EAA68200688AC7 /* ViewController.swift in Sources */,
				D3D9F2B523EAA68200688AC7 /* AppDelegate.swift in Sources */,
			);
			runOnlyForDeploymentPostprocessing = 0;
		};
/* End PBXSourcesBuildPhase section */

/* Begin PBXVariantGroup section */
		D3D9F2B823EAA68200688AC7 /* Main.storyboard */ = {
			isa = PBXVariantGroup;
			children = (
				D3D9F2B923EAA68200688AC7 /* Base */,
			);
			name = Main.storyboard;
			sourceTree = "<group>";
		};
		D3D9F2BD23EAA68300688AC7 /* LaunchScreen.storyboard */ = {
			isa = PBXVariantGroup;
			children = (
				D3D9F2BE23EAA68300688AC7 /* Base */,
			);
			name = LaunchScreen.storyboard;
			sourceTree = "<group>";
		};
/* End PBXVariantGroup section */

/* Begin XCBuildConfiguration section */
		D3D9F2C123EAA68300688AC7 /* Debug */ = {
			isa = XCBuildConfiguration;
			buildSettings = {
				ALWAYS_SEARCH_USER_PATHS = NO;
				CLANG_ANALYZER_NONNULL = YES;
				CLANG_ANALYZER_NUMBER_OBJECT_CONVERSION = YES_AGGRESSIVE;
				CLANG_CXX_LANGUAGE_STANDARD = "gnu++14";
				CLANG_CXX_LIBRARY = "libc++";
				CLANG_ENABLE_MODULES = YES;
				CLANG_ENABLE_OBJC_ARC = YES;
				CLANG_ENABLE_OBJC_WEAK = YES;
				CLANG_WARN_BLOCK_CAPTURE_AUTORELEASING = YES;
				CLANG_WARN_BOOL_CONVERSION = YES;
				CLANG_WARN_COMMA = YES;
				CLANG_WARN_CONSTANT_CONVERSION = YES;
				CLANG_WARN_DEPRECATED_OBJC_IMPLEMENTATIONS = YES;
				CLANG_WARN_DIRECT_OBJC_ISA_USAGE = YES_ERROR;
				CLANG_WARN_DOCUMENTATION_COMMENTS = YES;
				CLANG_WARN_EMPTY_BODY = YES;
				CLANG_WARN_ENUM_CONVERSION = YES;
				CLANG_WARN_INFINITE_RECURSION = YES;
				CLANG_WARN_INT_CONVERSION = YES;
				CLANG_WARN_NON_LITERAL_NULL_CONVERSION = YES;
				CLANG_WARN_OBJC_IMPLICIT_RETAIN_SELF = YES;
				CLANG_WARN_OBJC_LITERAL_CONVERSION = YES;
				CLANG_WARN_OBJC_ROOT_CLASS = YES_ERROR;
				CLANG_WARN_RANGE_LOOP_ANALYSIS = YES;
				CLANG_WARN_STRICT_PROTOTYPES = YES;
				CLANG_WARN_SUSPICIOUS_MOVE = YES;
				CLANG_WARN_UNGUARDED_AVAILABILITY = YES_AGGRESSIVE;
				CLANG_WARN_UNREACHABLE_CODE = YES;
				CLANG_WARN__DUPLICATE_METHOD_MATCH = YES;
				CODE_SIGN_IDENTITY = "iPhone Developer";
				COPY_PHASE_STRIP = NO;
				DEBUG_INFORMATION_FORMAT = dwarf;
				ENABLE_STRICT_OBJC_MSGSEND = YES;
				ENABLE_TESTABILITY = YES;
				GCC_C_LANGUAGE_STANDARD = gnu11;
				GCC_DYNAMIC_NO_PIC = NO;
				GCC_NO_COMMON_BLOCKS = YES;
				GCC_OPTIMIZATION_LEVEL = 0;
				GCC_PREPROCESSOR_DEFINITIONS = (
					"DEBUG=1",
					"$(inherited)",
				);
				GCC_WARN_64_TO_32_BIT_CONVERSION = YES;
				GCC_WARN_ABOUT_RETURN_TYPE = YES_ERROR;
				GCC_WARN_UNDECLARED_SELECTOR = YES;
				GCC_WARN_UNINITIALIZED_AUTOS = YES_AGGRESSIVE;
				GCC_WARN_UNUSED_FUNCTION = YES;
				GCC_WARN_UNUSED_VARIABLE = YES;
				IPHONEOS_DEPLOYMENT_TARGET = 12.4;
				MTL_ENABLE_DEBUG_INFO = INCLUDE_SOURCE;
				MTL_FAST_MATH = YES;
				ONLY_ACTIVE_ARCH = YES;
				SDKROOT = iphoneos;
				SWIFT_ACTIVE_COMPILATION_CONDITIONS = DEBUG;
				SWIFT_OPTIMIZATION_LEVEL = "-Onone";
			};
			name = Debug;
		};
		D3D9F2C223EAA68300688AC7 /* Release */ = {
			isa = XCBuildConfiguration;
			buildSettings = {
				ALWAYS_SEARCH_USER_PATHS = NO;
				CLANG_ANALYZER_NONNULL = YES;
				CLANG_ANALYZER_NUMBER_OBJECT_CONVERSION = YES_AGGRESSIVE;
				CLANG_CXX_LANGUAGE_STANDARD = "gnu++14";
				CLANG_CXX_LIBRARY = "libc++";
				CLANG_ENABLE_MODULES = YES;
				CLANG_ENABLE_OBJC_ARC = YES;
				CLANG_ENABLE_OBJC_WEAK = YES;
				CLANG_WARN_BLOCK_CAPTURE_AUTORELEASING = YES;
				CLANG_WARN_BOOL_CONVERSION = YES;
				CLANG_WARN_COMMA = YES;
				CLANG_WARN_CONSTANT_CONVERSION = YES;
				CLANG_WARN_DEPRECATED_OBJC_IMPLEMENTATIONS = YES;
				CLANG_WARN_DIRECT_OBJC_ISA_USAGE = YES_ERROR;
				CLANG_WARN_DOCUMENTATION_COMMENTS = YES;
				CLANG_WARN_EMPTY_BODY = YES;
				CLANG_WARN_ENUM_CONVERSION = YES;
				CLANG_WARN_INFINITE_RECURSION = YES;
				CLANG_WARN_INT_CONVERSION = YES;
				CLANG_WARN_NON_LITERAL_NULL_CONVERSION = YES;
				CLANG_WARN_OBJC_IMPLICIT_RETAIN_SELF = YES;
				CLANG_WARN_OBJC_LITERAL_CONVERSION = YES;
				CLANG_WARN_OBJC_ROOT_CLASS = YES_ERROR;
				CLANG_WARN_RANGE_LOOP_ANALYSIS = YES;
				CLANG_WARN_STRICT_PROTOTYPES = YES;
				CLANG_WARN_SUSPICIOUS_MOVE = YES;
				CLANG_WARN_UNGUARDED_AVAILABILITY = YES_AGGRESSIVE;
				CLANG_WARN_UNREACHABLE_CODE = YES;
				CLANG_WARN__DUPLICATE_METHOD_MATCH = YES;
				CODE_SIGN_IDENTITY = "iPhone Developer";
				COPY_PHASE_STRIP = NO;
				DEBUG_INFORMATION_FORMAT = "dwarf-with-dsym";
				ENABLE_NS_ASSERTIONS = NO;
				ENABLE_STRICT_OBJC_MSGSEND = YES;
				GCC_C_LANGUAGE_STANDARD = gnu11;
				GCC_NO_COMMON_BLOCKS = YES;
				GCC_WARN_64_TO_32_BIT_CONVERSION = YES;
				GCC_WARN_ABOUT_RETURN_TYPE = YES_ERROR;
				GCC_WARN_UNDECLARED_SELECTOR = YES;
				GCC_WARN_UNINITIALIZED_AUTOS = YES_AGGRESSIVE;
				GCC_WARN_UNUSED_FUNCTION = YES;
				GCC_WARN_UNUSED_VARIABLE = YES;
				IPHONEOS_DEPLOYMENT_TARGET = 12.4;
				MTL_ENABLE_DEBUG_INFO = NO;
				MTL_FAST_MATH = YES;
				SDKROOT = iphoneos;
				SWIFT_COMPILATION_MODE = wholemodule;
				SWIFT_OPTIMIZATION_LEVEL = "-O";
				VALIDATE_PRODUCT = YES;
			};
			name = Release;
		};
		D3D9F2C423EAA68300688AC7 /* Debug */ = {
			isa = XCBuildConfiguration;
			buildSettings = {
				ASSETCATALOG_COMPILER_APPICON_NAME = AppIcon;
				CODE_SIGN_STYLE = Automatic;
				DEVELOPMENT_TEAM = 8Y8VB4D49W;
				INFOPLIST_FILE = "SashiDo-Apple-Sign-In/Info.plist";
				LD_RUNPATH_SEARCH_PATHS = (
					"$(inherited)",
					"@executable_path/Frameworks",
				);
				PRODUCT_BUNDLE_IDENTIFIER = "com.sashido.apple.sign.in.SashiDo-Apple-Sign-In";
				PRODUCT_NAME = "$(TARGET_NAME)";
				SWIFT_VERSION = 5.0;
				TARGETED_DEVICE_FAMILY = "1,2";
			};
			name = Debug;
		};
		D3D9F2C523EAA68300688AC7 /* Release */ = {
			isa = XCBuildConfiguration;
			buildSettings = {
				ASSETCATALOG_COMPILER_APPICON_NAME = AppIcon;
				CODE_SIGN_STYLE = Automatic;
				DEVELOPMENT_TEAM = 8Y8VB4D49W;
				INFOPLIST_FILE = "SashiDo-Apple-Sign-In/Info.plist";
				LD_RUNPATH_SEARCH_PATHS = (
					"$(inherited)",
					"@executable_path/Frameworks",
				);
				PRODUCT_BUNDLE_IDENTIFIER = "com.sashido.apple.sign.in.SashiDo-Apple-Sign-In";
				PRODUCT_NAME = "$(TARGET_NAME)";
				SWIFT_VERSION = 5.0;
				TARGETED_DEVICE_FAMILY = "1,2";
			};
			name = Release;
		};
/* End XCBuildConfiguration section */

/* Begin XCConfigurationList section */
		D3D9F2AC23EAA68200688AC7 /* Build configuration list for PBXProject "SashiDo-Apple-Sign-In" */ = {
			isa = XCConfigurationList;
			buildConfigurations = (
				D3D9F2C123EAA68300688AC7 /* Debug */,
				D3D9F2C223EAA68300688AC7 /* Release */,
			);
			defaultConfigurationIsVisible = 0;
			defaultConfigurationName = Release;
		};
		D3D9F2C323EAA68300688AC7 /* Build configuration list for PBXNativeTarget "SashiDo-Apple-Sign-In" */ = {
			isa = XCConfigurationList;
			buildConfigurations = (
				D3D9F2C423EAA68300688AC7 /* Debug */,
				D3D9F2C523EAA68300688AC7 /* Release */,
			);
			defaultConfigurationIsVisible = 0;
			defaultConfigurationName = Release;
		};
/* End XCConfigurationList section */
	};
	rootObject = D3D9F2A923EAA68200688AC7 /* Project object */;
}
